// !$*UTF8*$!
{
	archiveVersion = 1;
	classes = {
	};
	objectVersion = 50;
	objects = {

/* Begin PBXBuildFile section */
		FE7626B423364C0700B9FCD0 /* AppDelegate.swift in Sources */ = {isa = PBXBuildFile; fileRef = FE7626B323364C0700B9FCD0 /* AppDelegate.swift */; };
		FE7626B623364C0700B9FCD0 /* CategoriesVC.swift in Sources */ = {isa = PBXBuildFile; fileRef = FE7626B523364C0700B9FCD0 /* CategoriesVC.swift */; };
		FE7626B923364C0700B9FCD0 /* Main.storyboard in Resources */ = {isa = PBXBuildFile; fileRef = FE7626B723364C0700B9FCD0 /* Main.storyboard */; };
		FE7626BB23364C0700B9FCD0 /* Assets.xcassets in Resources */ = {isa = PBXBuildFile; fileRef = FE7626BA23364C0700B9FCD0 /* Assets.xcassets */; };
		FE7626BE23364C0700B9FCD0 /* LaunchScreen.storyboard in Resources */ = {isa = PBXBuildFile; fileRef = FE7626BC23364C0700B9FCD0 /* LaunchScreen.storyboard */; };
		FED1A4C62337B86B0076FC85 /* ProductCell.swift in Sources */ = {isa = PBXBuildFile; fileRef = FED1A4C52337B86B0076FC85 /* ProductCell.swift */; };
		FED1A4C82337BAF70076FC85 /* Product.swift in Sources */ = {isa = PBXBuildFile; fileRef = FED1A4C72337BAF70076FC85 /* Product.swift */; };
		FED1A4CB2337C3990076FC85 /* ProductsVC.swift in Sources */ = {isa = PBXBuildFile; fileRef = FED1A4CA2337C3990076FC85 /* ProductsVC.swift */; };
		FEF3B02223365BC900769EEC /* CategoryCell.swift in Sources */ = {isa = PBXBuildFile; fileRef = FEF3B02123365BC900769EEC /* CategoryCell.swift */; };
		FEF3B0242336616A00769EEC /* Category.swift in Sources */ = {isa = PBXBuildFile; fileRef = FEF3B0232336616A00769EEC /* Category.swift */; };
		FEF3B0272336672100769EEC /* DataService.swift in Sources */ = {isa = PBXBuildFile; fileRef = FEF3B0262336672100769EEC /* DataService.swift */; };
/* End PBXBuildFile section */

/* Begin PBXFileReference section */
		FE7626B023364C0700B9FCD0 /* appshop.app */ = {isa = PBXFileReference; explicitFileType = wrapper.application; includeInIndex = 0; path = appshop.app; sourceTree = BUILT_PRODUCTS_DIR; };
		FE7626B323364C0700B9FCD0 /* AppDelegate.swift */ = {isa = PBXFileReference; lastKnownFileType = sourcecode.swift; path = AppDelegate.swift; sourceTree = "<group>"; };
		FE7626B523364C0700B9FCD0 /* CategoriesVC.swift */ = {isa = PBXFileReference; lastKnownFileType = sourcecode.swift; path = CategoriesVC.swift; sourceTree = "<group>"; };
		FE7626B823364C0700B9FCD0 /* Base */ = {isa = PBXFileReference; lastKnownFileType = file.storyboard; name = Base; path = Base.lproj/Main.storyboard; sourceTree = "<group>"; };
		FE7626BA23364C0700B9FCD0 /* Assets.xcassets */ = {isa = PBXFileReference; lastKnownFileType = folder.assetcatalog; path = Assets.xcassets; sourceTree = "<group>"; };
		FE7626BD23364C0700B9FCD0 /* Base */ = {isa = PBXFileReference; lastKnownFileType = file.storyboard; name = Base; path = Base.lproj/LaunchScreen.storyboard; sourceTree = "<group>"; };
		FE7626BF23364C0700B9FCD0 /* Info.plist */ = {isa = PBXFileReference; lastKnownFileType = text.plist.xml; path = Info.plist; sourceTree = "<group>"; };
		FED1A4C52337B86B0076FC85 /* ProductCell.swift */ = {isa = PBXFileReference; lastKnownFileType = sourcecode.swift; path = ProductCell.swift; sourceTree = "<group>"; };
		FED1A4C72337BAF70076FC85 /* Product.swift */ = {isa = PBXFileReference; lastKnownFileType = sourcecode.swift; path = Product.swift; sourceTree = "<group>"; };
		FED1A4CA2337C3990076FC85 /* ProductsVC.swift */ = {isa = PBXFileReference; lastKnownFileType = sourcecode.swift; path = ProductsVC.swift; sourceTree = "<group>"; };
		FEF3B02123365BC900769EEC /* CategoryCell.swift */ = {isa = PBXFileReference; lastKnownFileType = sourcecode.swift; path = CategoryCell.swift; sourceTree = "<group>"; };
		FEF3B0232336616A00769EEC /* Category.swift */ = {isa = PBXFileReference; lastKnownFileType = sourcecode.swift; path = Category.swift; sourceTree = "<group>"; };
		FEF3B0262336672100769EEC /* DataService.swift */ = {isa = PBXFileReference; lastKnownFileType = sourcecode.swift; path = DataService.swift; sourceTree = "<group>"; };
/* End PBXFileReference section */

/* Begin PBXFrameworksBuildPhase section */
		FE7626AD23364C0700B9FCD0 /* Frameworks */ = {
			isa = PBXFrameworksBuildPhase;
			buildActionMask = 2147483647;
			files = (
			);
			runOnlyForDeploymentPostprocessing = 0;
		};
/* End PBXFrameworksBuildPhase section */

/* Begin PBXGroup section */
		FE7626A723364C0700B9FCD0 = {
			isa = PBXGroup;
			children = (
				FE7626B223364C0700B9FCD0 /* appshop */,
				FE7626B123364C0700B9FCD0 /* Products */,
			);
			sourceTree = "<group>";
		};
		FE7626B123364C0700B9FCD0 /* Products */ = {
			isa = PBXGroup;
			children = (
				FE7626B023364C0700B9FCD0 /* appshop.app */,
			);
			name = Products;
			sourceTree = "<group>";
		};
		FE7626B223364C0700B9FCD0 /* appshop */ = {
			isa = PBXGroup;
			children = (
				FEF3B025233666BB00769EEC /* Services */,
				FEF3B02023365B1900769EEC /* View */,
				FEF3B01F23365B0500769EEC /* Controller */,
				FEF3B01E23365AFA00769EEC /* Model */,
				FE7626B323364C0700B9FCD0 /* AppDelegate.swift */,
				FE7626B723364C0700B9FCD0 /* Main.storyboard */,
				FE7626BA23364C0700B9FCD0 /* Assets.xcassets */,
				FE7626BC23364C0700B9FCD0 /* LaunchScreen.storyboard */,
				FE7626BF23364C0700B9FCD0 /* Info.plist */,
			);
			path = appshop;
			sourceTree = "<group>";
		};
		FEF3B01E23365AFA00769EEC /* Model */ = {
			isa = PBXGroup;
			children = (
				FEF3B0232336616A00769EEC /* Category.swift */,
				FED1A4C72337BAF70076FC85 /* Product.swift */,
			);
			path = Model;
			sourceTree = "<group>";
		};
		FEF3B01F23365B0500769EEC /* Controller */ = {
			isa = PBXGroup;
			children = (
				FE7626B523364C0700B9FCD0 /* CategoriesVC.swift */,
				FED1A4CA2337C3990076FC85 /* ProductsVC.swift */,
			);
			path = Controller;
			sourceTree = "<group>";
		};
		FEF3B02023365B1900769EEC /* View */ = {
			isa = PBXGroup;
			children = (
				FEF3B02123365BC900769EEC /* CategoryCell.swift */,
				FED1A4C52337B86B0076FC85 /* ProductCell.swift */,
			);
			path = View;
			sourceTree = "<group>";
		};
		FEF3B025233666BB00769EEC /* Services */ = {
			isa = PBXGroup;
			children = (
				FEF3B0262336672100769EEC /* DataService.swift */,
			);
			path = Services;
			sourceTree = "<group>";
		};
/* End PBXGroup section */

/* Begin PBXNativeTarget section */
		FE7626AF23364C0700B9FCD0 /* appshop */ = {
			isa = PBXNativeTarget;
			buildConfigurationList = FE7626C223364C0700B9FCD0 /* Build configuration list for PBXNativeTarget "appshop" */;
			buildPhases = (
				FE7626AC23364C0700B9FCD0 /* Sources */,
				FE7626AD23364C0700B9FCD0 /* Frameworks */,
				FE7626AE23364C0700B9FCD0 /* Resources */,
			);
			buildRules = (
			);
			dependencies = (
			);
			name = appshop;
			productName = appshop;
			productReference = FE7626B023364C0700B9FCD0 /* appshop.app */;
			productType = "com.apple.product-type.application";
		};
/* End PBXNativeTarget section */

/* Begin PBXProject section */
		FE7626A823364C0700B9FCD0 /* Project object */ = {
			isa = PBXProject;
			attributes = {
				LastSwiftUpdateCheck = 1010;
				LastUpgradeCheck = 1010;
				ORGANIZATIONNAME = cinderella;
				TargetAttributes = {
					FE7626AF23364C0700B9FCD0 = {
						CreatedOnToolsVersion = 10.1;
					};
				};
			};
			buildConfigurationList = FE7626AB23364C0700B9FCD0 /* Build configuration list for PBXProject "appshop" */;
			compatibilityVersion = "Xcode 9.3";
			developmentRegion = en;
			hasScannedForEncodings = 0;
			knownRegions = (
				en,
				Base,
			);
			mainGroup = FE7626A723364C0700B9FCD0;
			productRefGroup = FE7626B123364C0700B9FCD0 /* Products */;
			projectDirPath = "";
			projectRoot = "";
			targets = (
				FE7626AF23364C0700B9FCD0 /* appshop */,
			);
		};
/* End PBXProject section */

/* Begin PBXResourcesBuildPhase section */
		FE7626AE23364C0700B9FCD0 /* Resources */ = {
			isa = PBXResourcesBuildPhase;
			buildActionMask = 2147483647;
			files = (
				FE7626BE23364C0700B9FCD0 /* LaunchScreen.storyboard in Resources */,
				FE7626BB23364C0700B9FCD0 /* Assets.xcassets in Resources */,
				FE7626B923364C0700B9FCD0 /* Main.storyboard in Resources */,
			);
			runOnlyForDeploymentPostprocessing = 0;
		};
/* End PBXResourcesBuildPhase section */

/* Begin PBXSourcesBuildPhase section */
		FE7626AC23364C0700B9FCD0 /* Sources */ = {
			isa = PBXSourcesBuildPhase;
			buildActionMask = 2147483647;
			files = (
				FED1A4CB2337C3990076FC85 /* ProductsVC.swift in Sources */,
				FE7626B623364C0700B9FCD0 /* CategoriesVC.swift in Sources */,
				FE7626B423364C0700B9FCD0 /* AppDelegate.swift in Sources */,
				FED1A4C82337BAF70076FC85 /* Product.swift in Sources */,
				FEF3B02223365BC900769EEC /* CategoryCell.swift in Sources */,
				FED1A4C62337B86B0076FC85 /* ProductCell.swift in Sources */,
				FEF3B0242336616A00769EEC /* Category.swift in Sources */,
				FEF3B0272336672100769EEC /* DataService.swift in Sources */,
			);
			runOnlyForDeploymentPostprocessing = 0;
		};
/* End PBXSourcesBuildPhase section */

/* Begin PBXVariantGroup section */
		FE7626B723364C0700B9FCD0 /* Main.storyboard */ = {
			isa = PBXVariantGroup;
			children = (
				FE7626B823364C0700B9FCD0 /* Base */,
			);
			name = Main.storyboard;
			sourceTree = "<group>";
		};
		FE7626BC23364C0700B9FCD0 /* LaunchScreen.storyboard */ = {
			isa = PBXVariantGroup;
			children = (
				FE7626BD23364C0700B9FCD0 /* Base */,
			);
			name = LaunchScreen.storyboard;
			sourceTree = "<group>";
		};
/* End PBXVariantGroup section */

/* Begin XCBuildConfiguration section */
		FE7626C023364C0700B9FCD0 /* Debug */ = {
			isa = XCBuildConfiguration;
			buildSettings = {
				ALWAYS_SEARCH_USER_PATHS = NO;
				CLANG_ANALYZER_NONNULL = YES;
				CLANG_ANALYZER_NUMBER_OBJECT_CONVERSION = YES_AGGRESSIVE;
				CLANG_CXX_LANGUAGE_STANDARD = "gnu++14";
				CLANG_CXX_LIBRARY = "libc++";
				CLANG_ENABLE_MODULES = YES;
				CLANG_ENABLE_OBJC_ARC = YES;
				CLANG_ENABLE_OBJC_WEAK = YES;
				CLANG_WARN_BLOCK_CAPTURE_AUTORELEASING = YES;
				CLANG_WARN_BOOL_CONVERSION = YES;
				CLANG_WARN_COMMA = YES;
				CLANG_WARN_CONSTANT_CONVERSION = YES;
				CLANG_WARN_DEPRECATED_OBJC_IMPLEMENTATIONS = YES;
				CLANG_WARN_DIRECT_OBJC_ISA_USAGE = YES_ERROR;
				CLANG_WARN_DOCUMENTATION_COMMENTS = YES;
				CLANG_WARN_EMPTY_BODY = YES;
				CLANG_WARN_ENUM_CONVERSION = YES;
				CLANG_WARN_INFINITE_RECURSION = YES;
				CLANG_WARN_INT_CONVERSION = YES;
				CLANG_WARN_NON_LITERAL_NULL_CONVERSION = YES;
				CLANG_WARN_OBJC_IMPLICIT_RETAIN_SELF = YES;
				CLANG_WARN_OBJC_LITERAL_CONVERSION = YES;
				CLANG_WARN_OBJC_ROOT_CLASS = YES_ERROR;
				CLANG_WARN_RANGE_LOOP_ANALYSIS = YES;
				CLANG_WARN_STRICT_PROTOTYPES = YES;
				CLANG_WARN_SUSPICIOUS_MOVE = YES;
				CLANG_WARN_UNGUARDED_AVAILABILITY = YES_AGGRESSIVE;
				CLANG_WARN_UNREACHABLE_CODE = YES;
				CLANG_WARN__DUPLICATE_METHOD_MATCH = YES;
				CODE_SIGN_IDENTITY = "iPhone Developer";
				COPY_PHASE_STRIP = NO;
				DEBUG_INFORMATION_FORMAT = dwarf;
				ENABLE_STRICT_OBJC_MSGSEND = YES;
				ENABLE_TESTABILITY = YES;
				GCC_C_LANGUAGE_STANDARD = gnu11;
				GCC_DYNAMIC_NO_PIC = NO;
				GCC_NO_COMMON_BLOCKS = YES;
				GCC_OPTIMIZATION_LEVEL = 0;
				GCC_PREPROCESSOR_DEFINITIONS = (
					"DEBUG=1",
					"$(inherited)",
				);
				GCC_WARN_64_TO_32_BIT_CONVERSION = YES;
				GCC_WARN_ABOUT_RETURN_TYPE = YES_ERROR;
				GCC_WARN_UNDECLARED_SELECTOR = YES;
				GCC_WARN_UNINITIALIZED_AUTOS = YES_AGGRESSIVE;
				GCC_WARN_UNUSED_FUNCTION = YES;
				GCC_WARN_UNUSED_VARIABLE = YES;
				IPHONEOS_DEPLOYMENT_TARGET = 12.1;
				MTL_ENABLE_DEBUG_INFO = INCLUDE_SOURCE;
				MTL_FAST_MATH = YES;
				ONLY_ACTIVE_ARCH = YES;
				SDKROOT = iphoneos;
				SWIFT_ACTIVE_COMPILATION_CONDITIONS = DEBUG;
				SWIFT_OPTIMIZATION_LEVEL = "-Onone";
			};
			name = Debug;
		};
		FE7626C123364C0700B9FCD0 /* Release */ = {
			isa = XCBuildConfiguration;
			buildSettings = {
				ALWAYS_SEARCH_USER_PATHS = NO;
				CLANG_ANALYZER_NONNULL = YES;
				CLANG_ANALYZER_NUMBER_OBJECT_CONVERSION = YES_AGGRESSIVE;
				CLANG_CXX_LANGUAGE_STANDARD = "gnu++14";
				CLANG_CXX_LIBRARY = "libc++";
				CLANG_ENABLE_MODULES = YES;
				CLANG_ENABLE_OBJC_ARC = YES;
				CLANG_ENABLE_OBJC_WEAK = YES;
				CLANG_WARN_BLOCK_CAPTURE_AUTORELEASING = YES;
				CLANG_WARN_BOOL_CONVERSION = YES;
				CLANG_WARN_COMMA = YES;
				CLANG_WARN_CONSTANT_CONVERSION = YES;
				CLANG_WARN_DEPRECATED_OBJC_IMPLEMENTATIONS = YES;
				CLANG_WARN_DIRECT_OBJC_ISA_USAGE = YES_ERROR;
				CLANG_WARN_DOCUMENTATION_COMMENTS = YES;
				CLANG_WARN_EMPTY_BODY = YES;
				CLANG_WARN_ENUM_CONVERSION = YES;
				CLANG_WARN_INFINITE_RECURSION = YES;
				CLANG_WARN_INT_CONVERSION = YES;
				CLANG_WARN_NON_LITERAL_NULL_CONVERSION = YES;
				CLANG_WARN_OBJC_IMPLICIT_RETAIN_SELF = YES;
				CLANG_WARN_OBJC_LITERAL_CONVERSION = YES;
				CLANG_WARN_OBJC_ROOT_CLASS = YES_ERROR;
				CLANG_WARN_RANGE_LOOP_ANALYSIS = YES;
				CLANG_WARN_STRICT_PROTOTYPES = YES;
				CLANG_WARN_SUSPICIOUS_MOVE = YES;
				CLANG_WARN_UNGUARDED_AVAILABILITY = YES_AGGRESSIVE;
				CLANG_WARN_UNREACHABLE_CODE = YES;
				CLANG_WARN__DUPLICATE_METHOD_MATCH = YES;
				CODE_SIGN_IDENTITY = "iPhone Developer";
				COPY_PHASE_STRIP = NO;
				DEBUG_INFORMATION_FORMAT = "dwarf-with-dsym";
				ENABLE_NS_ASSERTIONS = NO;
				ENABLE_STRICT_OBJC_MSGSEND = YES;
				GCC_C_LANGUAGE_STANDARD = gnu11;
				GCC_NO_COMMON_BLOCKS = YES;
				GCC_WARN_64_TO_32_BIT_CONVERSION = YES;
				GCC_WARN_ABOUT_RETURN_TYPE = YES_ERROR;
				GCC_WARN_UNDECLARED_SELECTOR = YES;
				GCC_WARN_UNINITIALIZED_AUTOS = YES_AGGRESSIVE;
				GCC_WARN_UNUSED_FUNCTION = YES;
				GCC_WARN_UNUSED_VARIABLE = YES;
				IPHONEOS_DEPLOYMENT_TARGET = 12.1;
				MTL_ENABLE_DEBUG_INFO = NO;
				MTL_FAST_MATH = YES;
				SDKROOT = iphoneos;
				SWIFT_COMPILATION_MODE = wholemodule;
				SWIFT_OPTIMIZATION_LEVEL = "-O";
				VALIDATE_PRODUCT = YES;
			};
			name = Release;
		};
		FE7626C323364C0700B9FCD0 /* Debug */ = {
			isa = XCBuildConfiguration;
			buildSettings = {
				ASSETCATALOG_COMPILER_APPICON_NAME = AppIcon;
				CODE_SIGN_STYLE = Automatic;
				DEVELOPMENT_TEAM = 6NQK2WC4GW;
				INFOPLIST_FILE = appshop/Info.plist;
				LD_RUNPATH_SEARCH_PATHS = (
					"$(inherited)",
					"@executable_path/Frameworks",
				);
				PRODUCT_BUNDLE_IDENTIFIER = cinderellaid.appshop;
				PRODUCT_NAME = "$(TARGET_NAME)";
				SWIFT_VERSION = 4.2;
				TARGETED_DEVICE_FAMILY = "1,2";
			};
			name = Debug;
		};
		FE7626C423364C0700B9FCD0 /* Release */ = {
			isa = XCBuildConfiguration;
			buildSettings = {
				ASSETCATALOG_COMPILER_APPICON_NAME = AppIcon;
				CODE_SIGN_STYLE = Automatic;
				DEVELOPMENT_TEAM = 6NQK2WC4GW;
				INFOPLIST_FILE = appshop/Info.plist;
				LD_RUNPATH_SEARCH_PATHS = (
					"$(inherited)",
					"@executable_path/Frameworks",
				);
				PRODUCT_BUNDLE_IDENTIFIER = cinderellaid.appshop;
				PRODUCT_NAME = "$(TARGET_NAME)";
				SWIFT_VERSION = 4.2;
				TARGETED_DEVICE_FAMILY = "1,2";
			};
			name = Release;
		};
/* End XCBuildConfiguration section */

/* Begin XCConfigurationList section */
		FE7626AB23364C0700B9FCD0 /* Build configuration list for PBXProject "appshop" */ = {
			isa = XCConfigurationList;
			buildConfigurations = (
				FE7626C023364C0700B9FCD0 /* Debug */,
				FE7626C123364C0700B9FCD0 /* Release */,
			);
			defaultConfigurationIsVisible = 0;
			defaultConfigurationName = Release;
		};
		FE7626C223364C0700B9FCD0 /* Build configuration list for PBXNativeTarget "appshop" */ = {
			isa = XCConfigurationList;
			buildConfigurations = (
				FE7626C323364C0700B9FCD0 /* Debug */,
				FE7626C423364C0700B9FCD0 /* Release */,
			);
			defaultConfigurationIsVisible = 0;
			defaultConfigurationName = Release;
		};
/* End XCConfigurationList section */
	};
	rootObject = FE7626A823364C0700B9FCD0 /* Project object */;
}
